// !$*UTF8*$!
{
	archiveVersion = 1;
	classes = {
	};
	objectVersion = 46;
	objects = {

/* Begin PBXBuildFile section */
		3D53974B1BBA94C200791B49 /* Alamofire.framework in Frameworks */ = {isa = PBXBuildFile; fileRef = 3D5397461BBA94C200791B49 /* Alamofire.framework */; };
		3D53974C1BBA94C200791B49 /* Genome.framework in Frameworks */ = {isa = PBXBuildFile; fileRef = 3D5397471BBA94C200791B49 /* Genome.framework */; };
		3D53974D1BBA94C200791B49 /* ReactiveCocoa.framework in Frameworks */ = {isa = PBXBuildFile; fileRef = 3D5397481BBA94C200791B49 /* ReactiveCocoa.framework */; };
		3D53974E1BBA94C200791B49 /* Result.framework in Frameworks */ = {isa = PBXBuildFile; fileRef = 3D5397491BBA94C200791B49 /* Result.framework */; };
		3D53974F1BBA94C200791B49 /* Runes.framework in Frameworks */ = {isa = PBXBuildFile; fileRef = 3D53974A1BBA94C200791B49 /* Runes.framework */; };
		3D5397521BBA94EE00791B49 /* Nimble.framework in Frameworks */ = {isa = PBXBuildFile; fileRef = 3D5397501BBA94EE00791B49 /* Nimble.framework */; };
		3D5397531BBA94EE00791B49 /* Quick.framework in Frameworks */ = {isa = PBXBuildFile; fileRef = 3D5397511BBA94EE00791B49 /* Quick.framework */; };
		3D5397551BBA950200791B49 /* Nimble.framework in CopyFiles */ = {isa = PBXBuildFile; fileRef = 3D5397501BBA94EE00791B49 /* Nimble.framework */; settings = {ATTRIBUTES = (CodeSignOnCopy, RemoveHeadersOnCopy, ); }; };
		3D5397561BBA950200791B49 /* Quick.framework in CopyFiles */ = {isa = PBXBuildFile; fileRef = 3D5397511BBA94EE00791B49 /* Quick.framework */; settings = {ATTRIBUTES = (CodeSignOnCopy, RemoveHeadersOnCopy, ); }; };
		3D53975D1BBA967700791B49 /* Alamofire.framework in Frameworks */ = {isa = PBXBuildFile; fileRef = 3D5397581BBA967700791B49 /* Alamofire.framework */; };
		3D53975E1BBA967700791B49 /* Genome.framework in Frameworks */ = {isa = PBXBuildFile; fileRef = 3D5397591BBA967700791B49 /* Genome.framework */; };
		3D53975F1BBA967700791B49 /* ReactiveCocoa.framework in Frameworks */ = {isa = PBXBuildFile; fileRef = 3D53975A1BBA967700791B49 /* ReactiveCocoa.framework */; };
		3D5397601BBA967700791B49 /* Result.framework in Frameworks */ = {isa = PBXBuildFile; fileRef = 3D53975B1BBA967700791B49 /* Result.framework */; };
		3D5397611BBA967700791B49 /* Runes.framework in Frameworks */ = {isa = PBXBuildFile; fileRef = 3D53975C1BBA967700791B49 /* Runes.framework */; };
		3D53976A1BBA96D900791B49 /* Quick.framework in Frameworks */ = {isa = PBXBuildFile; fileRef = 3D5397631BBA968A00791B49 /* Quick.framework */; };
		3D53976B1BBA96D900791B49 /* Nimble.framework in Frameworks */ = {isa = PBXBuildFile; fileRef = 3D5397621BBA968A00791B49 /* Nimble.framework */; };
		3D53976C1BBA96DF00791B49 /* Quick.framework in CopyFiles */ = {isa = PBXBuildFile; fileRef = 3D5397631BBA968A00791B49 /* Quick.framework */; settings = {ATTRIBUTES = (CodeSignOnCopy, RemoveHeadersOnCopy, ); }; };
		3D53976D1BBA96DF00791B49 /* Nimble.framework in CopyFiles */ = {isa = PBXBuildFile; fileRef = 3D5397621BBA968A00791B49 /* Nimble.framework */; settings = {ATTRIBUTES = (CodeSignOnCopy, RemoveHeadersOnCopy, ); }; };
		3D5397731BBA96F200791B49 /* Alamofire.framework in Frameworks */ = {isa = PBXBuildFile; fileRef = 3D53976E1BBA96F200791B49 /* Alamofire.framework */; };
		3D5397741BBA96F200791B49 /* Genome.framework in Frameworks */ = {isa = PBXBuildFile; fileRef = 3D53976F1BBA96F200791B49 /* Genome.framework */; };
		3D5397751BBA96F200791B49 /* ReactiveCocoa.framework in Frameworks */ = {isa = PBXBuildFile; fileRef = 3D5397701BBA96F200791B49 /* ReactiveCocoa.framework */; };
		3D5397761BBA96F200791B49 /* Result.framework in Frameworks */ = {isa = PBXBuildFile; fileRef = 3D5397711BBA96F200791B49 /* Result.framework */; };
		3D5397771BBA96F200791B49 /* Runes.framework in Frameworks */ = {isa = PBXBuildFile; fileRef = 3D5397721BBA96F200791B49 /* Runes.framework */; };
		63089A901BBB41F0007220F7 /* RequestConvertible.swift in Sources */ = {isa = PBXBuildFile; fileRef = 63089A8F1BBB41F0007220F7 /* RequestConvertible.swift */; settings = {ASSET_TAGS = (); }; };
		63089A931BBB42D7007220F7 /* Alamofire.framework in Frameworks */ = {isa = PBXBuildFile; fileRef = 3D5397461BBA94C200791B49 /* Alamofire.framework */; settings = {ASSET_TAGS = (); }; };
		63089A941BBB42D7007220F7 /* Genome.framework in Frameworks */ = {isa = PBXBuildFile; fileRef = 3D5397471BBA94C200791B49 /* Genome.framework */; settings = {ASSET_TAGS = (); }; };
		63089A951BBB42D7007220F7 /* ReactiveCocoa.framework in Frameworks */ = {isa = PBXBuildFile; fileRef = 3D5397481BBA94C200791B49 /* ReactiveCocoa.framework */; settings = {ASSET_TAGS = (); }; };
		63089A961BBB42D7007220F7 /* Result.framework in Frameworks */ = {isa = PBXBuildFile; fileRef = 3D5397491BBA94C200791B49 /* Result.framework */; settings = {ASSET_TAGS = (); }; };
		63089A971BBB42D7007220F7 /* Runes.framework in Frameworks */ = {isa = PBXBuildFile; fileRef = 3D53974A1BBA94C200791B49 /* Runes.framework */; settings = {ASSET_TAGS = (); }; };
		6323FC9C1BBB43D400344D17 /* Alamofire.framework in Frameworks */ = {isa = PBXBuildFile; fileRef = 3D5397581BBA967700791B49 /* Alamofire.framework */; settings = {ASSET_TAGS = (); }; };
		6323FC9D1BBB43D400344D17 /* Genome.framework in Frameworks */ = {isa = PBXBuildFile; fileRef = 3D5397591BBA967700791B49 /* Genome.framework */; settings = {ASSET_TAGS = (); }; };
		6323FC9E1BBB43D400344D17 /* ReactiveCocoa.framework in Frameworks */ = {isa = PBXBuildFile; fileRef = 3D53975A1BBA967700791B49 /* ReactiveCocoa.framework */; settings = {ASSET_TAGS = (); }; };
		6323FC9F1BBB43D400344D17 /* Result.framework in Frameworks */ = {isa = PBXBuildFile; fileRef = 3D53975B1BBA967700791B49 /* Result.framework */; settings = {ASSET_TAGS = (); }; };
		6323FCA01BBB43D400344D17 /* Runes.framework in Frameworks */ = {isa = PBXBuildFile; fileRef = 3D53975C1BBA967700791B49 /* Runes.framework */; settings = {ASSET_TAGS = (); }; };
		6323FCA11BBB442C00344D17 /* Alamofire.framework in CopyFiles */ = {isa = PBXBuildFile; fileRef = 3D5397461BBA94C200791B49 /* Alamofire.framework */; settings = {ATTRIBUTES = (CodeSignOnCopy, RemoveHeadersOnCopy, ); }; };
		6323FCA21BBB442C00344D17 /* Genome.framework in CopyFiles */ = {isa = PBXBuildFile; fileRef = 3D5397471BBA94C200791B49 /* Genome.framework */; settings = {ATTRIBUTES = (CodeSignOnCopy, RemoveHeadersOnCopy, ); }; };
		6323FCA31BBB442C00344D17 /* ReactiveCocoa.framework in CopyFiles */ = {isa = PBXBuildFile; fileRef = 3D5397481BBA94C200791B49 /* ReactiveCocoa.framework */; settings = {ATTRIBUTES = (CodeSignOnCopy, RemoveHeadersOnCopy, ); }; };
		6323FCA41BBB442C00344D17 /* Result.framework in CopyFiles */ = {isa = PBXBuildFile; fileRef = 3D5397491BBA94C200791B49 /* Result.framework */; settings = {ATTRIBUTES = (CodeSignOnCopy, RemoveHeadersOnCopy, ); }; };
		6323FCA51BBB442C00344D17 /* Runes.framework in CopyFiles */ = {isa = PBXBuildFile; fileRef = 3D53974A1BBA94C200791B49 /* Runes.framework */; settings = {ATTRIBUTES = (CodeSignOnCopy, RemoveHeadersOnCopy, ); }; };
		63A590831BBB418100697E70 /* RequestConvertibleTests.swift in Sources */ = {isa = PBXBuildFile; fileRef = 63A5907F1BBB3F3600697E70 /* RequestConvertibleTests.swift */; settings = {ASSET_TAGS = (); }; };
		63C579421BBB47A700209E05 /* Alamofire.framework in CopyFiles */ = {isa = PBXBuildFile; fileRef = 3D5397581BBA967700791B49 /* Alamofire.framework */; settings = {ATTRIBUTES = (CodeSignOnCopy, RemoveHeadersOnCopy, ); }; };
		63C579431BBB47A700209E05 /* Genome.framework in CopyFiles */ = {isa = PBXBuildFile; fileRef = 3D5397591BBA967700791B49 /* Genome.framework */; settings = {ATTRIBUTES = (CodeSignOnCopy, RemoveHeadersOnCopy, ); }; };
		63C579441BBB47A700209E05 /* ReactiveCocoa.framework in CopyFiles */ = {isa = PBXBuildFile; fileRef = 3D53975A1BBA967700791B49 /* ReactiveCocoa.framework */; settings = {ATTRIBUTES = (CodeSignOnCopy, RemoveHeadersOnCopy, ); }; };
		63C579451BBB47A700209E05 /* Result.framework in CopyFiles */ = {isa = PBXBuildFile; fileRef = 3D53975B1BBA967700791B49 /* Result.framework */; settings = {ATTRIBUTES = (CodeSignOnCopy, RemoveHeadersOnCopy, ); }; };
		63C579461BBB47A700209E05 /* Runes.framework in CopyFiles */ = {isa = PBXBuildFile; fileRef = 3D53975C1BBA967700791B49 /* Runes.framework */; settings = {ATTRIBUTES = (CodeSignOnCopy, RemoveHeadersOnCopy, ); }; };
/* End PBXBuildFile section */

/* Begin PBXContainerItemProxy section */
		3D5396301BBA7A3A00791B49 /* PBXContainerItemProxy */ = {
			isa = PBXContainerItemProxy;
			containerPortal = 3D27429B1BBA70E4007A1BCE /* Project object */;
			proxyType = 1;
			remoteGlobalIDString = 3D5396241BBA7A3A00791B49;
			remoteInfo = "SoundCloudSwift iOS";
		};
		3D5396681BBA7AB700791B49 /* PBXContainerItemProxy */ = {
			isa = PBXContainerItemProxy;
			containerPortal = 3D27429B1BBA70E4007A1BCE /* Project object */;
			proxyType = 1;
			remoteGlobalIDString = 3D53965C1BBA7AB700791B49;
			remoteInfo = "SoundCloudSwift OSX";
		};
/* End PBXContainerItemProxy section */

/* Begin PBXCopyFilesBuildPhase section */
		3D5397411BBA949500791B49 /* CopyFiles */ = {
			isa = PBXCopyFilesBuildPhase;
			buildActionMask = 2147483647;
			dstPath = "";
			dstSubfolderSpec = 10;
			files = (
				6323FCA11BBB442C00344D17 /* Alamofire.framework in CopyFiles */,
				6323FCA21BBB442C00344D17 /* Genome.framework in CopyFiles */,
				6323FCA31BBB442C00344D17 /* ReactiveCocoa.framework in CopyFiles */,
				6323FCA41BBB442C00344D17 /* Result.framework in CopyFiles */,
				6323FCA51BBB442C00344D17 /* Runes.framework in CopyFiles */,
				3D5397551BBA950200791B49 /* Nimble.framework in CopyFiles */,
				3D5397561BBA950200791B49 /* Quick.framework in CopyFiles */,
			);
			runOnlyForDeploymentPostprocessing = 0;
		};
		3D5397661BBA969000791B49 /* CopyFiles */ = {
			isa = PBXCopyFilesBuildPhase;
			buildActionMask = 2147483647;
			dstPath = "";
			dstSubfolderSpec = 10;
			files = (
				63C579421BBB47A700209E05 /* Alamofire.framework in CopyFiles */,
				63C579431BBB47A700209E05 /* Genome.framework in CopyFiles */,
				63C579441BBB47A700209E05 /* ReactiveCocoa.framework in CopyFiles */,
				63C579451BBB47A700209E05 /* Result.framework in CopyFiles */,
				63C579461BBB47A700209E05 /* Runes.framework in CopyFiles */,
				3D53976C1BBA96DF00791B49 /* Quick.framework in CopyFiles */,
				3D53976D1BBA96DF00791B49 /* Nimble.framework in CopyFiles */,
			);
			runOnlyForDeploymentPostprocessing = 0;
		};
/* End PBXCopyFilesBuildPhase section */

/* Begin PBXFileReference section */
		3D5396251BBA7A3A00791B49 /* SoundCloudSwift.framework */ = {isa = PBXFileReference; explicitFileType = wrapper.framework; includeInIndex = 0; path = SoundCloudSwift.framework; sourceTree = BUILT_PRODUCTS_DIR; };
		3D53962E1BBA7A3A00791B49 /* SoundCloudSwift iOS Tests.xctest */ = {isa = PBXFileReference; explicitFileType = wrapper.cfbundle; includeInIndex = 0; path = "SoundCloudSwift iOS Tests.xctest"; sourceTree = BUILT_PRODUCTS_DIR; };
		3D53965D1BBA7AB700791B49 /* SoundCloudSwift.framework */ = {isa = PBXFileReference; explicitFileType = wrapper.framework; includeInIndex = 0; path = SoundCloudSwift.framework; sourceTree = BUILT_PRODUCTS_DIR; };
		3D5396661BBA7AB700791B49 /* SoundCloudSwift OSX Tests.xctest */ = {isa = PBXFileReference; explicitFileType = wrapper.cfbundle; includeInIndex = 0; path = "SoundCloudSwift OSX Tests.xctest"; sourceTree = BUILT_PRODUCTS_DIR; };
		3D5396791BBA7B5800791B49 /* SoundCloudSwift.framework */ = {isa = PBXFileReference; explicitFileType = wrapper.framework; includeInIndex = 0; path = SoundCloudSwift.framework; sourceTree = BUILT_PRODUCTS_DIR; };
		3D5396981BBA86C900791B49 /* Info.plist */ = {isa = PBXFileReference; fileEncoding = 4; lastKnownFileType = text.plist.xml; path = Info.plist; sourceTree = "<group>"; };
		3D5397461BBA94C200791B49 /* Alamofire.framework */ = {isa = PBXFileReference; lastKnownFileType = wrapper.framework; name = Alamofire.framework; path = Carthage/Build/iOS/Alamofire.framework; sourceTree = "<group>"; };
		3D5397471BBA94C200791B49 /* Genome.framework */ = {isa = PBXFileReference; lastKnownFileType = wrapper.framework; name = Genome.framework; path = Carthage/Build/iOS/Genome.framework; sourceTree = "<group>"; };
		3D5397481BBA94C200791B49 /* ReactiveCocoa.framework */ = {isa = PBXFileReference; lastKnownFileType = wrapper.framework; name = ReactiveCocoa.framework; path = Carthage/Build/iOS/ReactiveCocoa.framework; sourceTree = "<group>"; };
		3D5397491BBA94C200791B49 /* Result.framework */ = {isa = PBXFileReference; lastKnownFileType = wrapper.framework; name = Result.framework; path = Carthage/Build/iOS/Result.framework; sourceTree = "<group>"; };
		3D53974A1BBA94C200791B49 /* Runes.framework */ = {isa = PBXFileReference; lastKnownFileType = wrapper.framework; name = Runes.framework; path = Carthage/Build/iOS/Runes.framework; sourceTree = "<group>"; };
		3D5397501BBA94EE00791B49 /* Nimble.framework */ = {isa = PBXFileReference; lastKnownFileType = wrapper.framework; name = Nimble.framework; path = Carthage/Build/iOS/Nimble.framework; sourceTree = "<group>"; };
		3D5397511BBA94EE00791B49 /* Quick.framework */ = {isa = PBXFileReference; lastKnownFileType = wrapper.framework; name = Quick.framework; path = Carthage/Build/iOS/Quick.framework; sourceTree = "<group>"; };
		3D5397581BBA967700791B49 /* Alamofire.framework */ = {isa = PBXFileReference; lastKnownFileType = wrapper.framework; name = Alamofire.framework; path = Carthage/Build/Mac/Alamofire.framework; sourceTree = "<group>"; };
		3D5397591BBA967700791B49 /* Genome.framework */ = {isa = PBXFileReference; lastKnownFileType = wrapper.framework; name = Genome.framework; path = Carthage/Build/Mac/Genome.framework; sourceTree = "<group>"; };
		3D53975A1BBA967700791B49 /* ReactiveCocoa.framework */ = {isa = PBXFileReference; lastKnownFileType = wrapper.framework; name = ReactiveCocoa.framework; path = Carthage/Build/Mac/ReactiveCocoa.framework; sourceTree = "<group>"; };
		3D53975B1BBA967700791B49 /* Result.framework */ = {isa = PBXFileReference; lastKnownFileType = wrapper.framework; name = Result.framework; path = Carthage/Build/Mac/Result.framework; sourceTree = "<group>"; };
		3D53975C1BBA967700791B49 /* Runes.framework */ = {isa = PBXFileReference; lastKnownFileType = wrapper.framework; name = Runes.framework; path = Carthage/Build/Mac/Runes.framework; sourceTree = "<group>"; };
		3D5397621BBA968A00791B49 /* Nimble.framework */ = {isa = PBXFileReference; lastKnownFileType = wrapper.framework; name = Nimble.framework; path = Carthage/Build/Mac/Nimble.framework; sourceTree = "<group>"; };
		3D5397631BBA968A00791B49 /* Quick.framework */ = {isa = PBXFileReference; lastKnownFileType = wrapper.framework; name = Quick.framework; path = Carthage/Build/Mac/Quick.framework; sourceTree = "<group>"; };
		3D53976E1BBA96F200791B49 /* Alamofire.framework */ = {isa = PBXFileReference; lastKnownFileType = wrapper.framework; name = Alamofire.framework; path = Carthage/Build/watchOS/Alamofire.framework; sourceTree = "<group>"; };
		3D53976F1BBA96F200791B49 /* Genome.framework */ = {isa = PBXFileReference; lastKnownFileType = wrapper.framework; name = Genome.framework; path = Carthage/Build/watchOS/Genome.framework; sourceTree = "<group>"; };
		3D5397701BBA96F200791B49 /* ReactiveCocoa.framework */ = {isa = PBXFileReference; lastKnownFileType = wrapper.framework; name = ReactiveCocoa.framework; path = Carthage/Build/watchOS/ReactiveCocoa.framework; sourceTree = "<group>"; };
		3D5397711BBA96F200791B49 /* Result.framework */ = {isa = PBXFileReference; lastKnownFileType = wrapper.framework; name = Result.framework; path = Carthage/Build/watchOS/Result.framework; sourceTree = "<group>"; };
		3D5397721BBA96F200791B49 /* Runes.framework */ = {isa = PBXFileReference; lastKnownFileType = wrapper.framework; name = Runes.framework; path = Carthage/Build/watchOS/Runes.framework; sourceTree = "<group>"; };
		63089A8F1BBB41F0007220F7 /* RequestConvertible.swift */ = {isa = PBXFileReference; fileEncoding = 4; lastKnownFileType = sourcecode.swift; name = RequestConvertible.swift; path = SoundCloudSwift/Source/Core/Entities/RequestConvertible.swift; sourceTree = SOURCE_ROOT; };
		63089A911BBB4216007220F7 /* Info.plist */ = {isa = PBXFileReference; fileEncoding = 4; lastKnownFileType = text.plist.xml; name = Info.plist; path = "Supporting Files/Info.plist"; sourceTree = "<group>"; };
		63A5907F1BBB3F3600697E70 /* RequestConvertibleTests.swift */ = {isa = PBXFileReference; fileEncoding = 4; lastKnownFileType = sourcecode.swift; name = RequestConvertibleTests.swift; path = Core/Entities/RequestConvertibleTests.swift; sourceTree = "<group>"; };
/* End PBXFileReference section */

/* Begin PBXFrameworksBuildPhase section */
		3D5396211BBA7A3A00791B49 /* Frameworks */ = {
			isa = PBXFrameworksBuildPhase;
			buildActionMask = 2147483647;
			files = (
				3D53974B1BBA94C200791B49 /* Alamofire.framework in Frameworks */,
				3D53974C1BBA94C200791B49 /* Genome.framework in Frameworks */,
				3D53974D1BBA94C200791B49 /* ReactiveCocoa.framework in Frameworks */,
				3D53974E1BBA94C200791B49 /* Result.framework in Frameworks */,
				3D53974F1BBA94C200791B49 /* Runes.framework in Frameworks */,
			);
			runOnlyForDeploymentPostprocessing = 0;
		};
		3D53962B1BBA7A3A00791B49 /* Frameworks */ = {
			isa = PBXFrameworksBuildPhase;
			buildActionMask = 2147483647;
			files = (
				3D5397521BBA94EE00791B49 /* Nimble.framework in Frameworks */,
				63089A931BBB42D7007220F7 /* Alamofire.framework in Frameworks */,
				3D5397531BBA94EE00791B49 /* Quick.framework in Frameworks */,
				63089A961BBB42D7007220F7 /* Result.framework in Frameworks */,
				63089A941BBB42D7007220F7 /* Genome.framework in Frameworks */,
				63089A951BBB42D7007220F7 /* ReactiveCocoa.framework in Frameworks */,
				63089A971BBB42D7007220F7 /* Runes.framework in Frameworks */,
			);
			runOnlyForDeploymentPostprocessing = 0;
		};
		3D5396591BBA7AB700791B49 /* Frameworks */ = {
			isa = PBXFrameworksBuildPhase;
			buildActionMask = 2147483647;
			files = (
				3D53975D1BBA967700791B49 /* Alamofire.framework in Frameworks */,
				3D53975E1BBA967700791B49 /* Genome.framework in Frameworks */,
				3D53975F1BBA967700791B49 /* ReactiveCocoa.framework in Frameworks */,
				3D5397601BBA967700791B49 /* Result.framework in Frameworks */,
				3D5397611BBA967700791B49 /* Runes.framework in Frameworks */,
			);
			runOnlyForDeploymentPostprocessing = 0;
		};
		3D5396631BBA7AB700791B49 /* Frameworks */ = {
			isa = PBXFrameworksBuildPhase;
			buildActionMask = 2147483647;
			files = (
				3D53976A1BBA96D900791B49 /* Quick.framework in Frameworks */,
				6323FC9C1BBB43D400344D17 /* Alamofire.framework in Frameworks */,
				3D53976B1BBA96D900791B49 /* Nimble.framework in Frameworks */,
				6323FC9F1BBB43D400344D17 /* Result.framework in Frameworks */,
				6323FC9D1BBB43D400344D17 /* Genome.framework in Frameworks */,
				6323FC9E1BBB43D400344D17 /* ReactiveCocoa.framework in Frameworks */,
				6323FCA01BBB43D400344D17 /* Runes.framework in Frameworks */,
			);
			runOnlyForDeploymentPostprocessing = 0;
		};
		3D5396751BBA7B5800791B49 /* Frameworks */ = {
			isa = PBXFrameworksBuildPhase;
			buildActionMask = 2147483647;
			files = (
				3D5397731BBA96F200791B49 /* Alamofire.framework in Frameworks */,
				3D5397741BBA96F200791B49 /* Genome.framework in Frameworks */,
				3D5397751BBA96F200791B49 /* ReactiveCocoa.framework in Frameworks */,
				3D5397761BBA96F200791B49 /* Result.framework in Frameworks */,
				3D5397771BBA96F200791B49 /* Runes.framework in Frameworks */,
			);
			runOnlyForDeploymentPostprocessing = 0;
		};
/* End PBXFrameworksBuildPhase section */

/* Begin PBXGroup section */
		3D27429A1BBA70E4007A1BCE = {
			isa = PBXGroup;
			children = (
				3D5396BB1BBA886D00791B49 /* Frameworks */,
				3D5396811BBA7B9300791B49 /* Assets */,
				3D5396821BBA7B9300791B49 /* Source */,
				3D5396851BBA7B9300791B49 /* Tests */,
				3D2742A51BBA70E4007A1BCE /* Products */,
			);
			sourceTree = "<group>";
		};
		3D2742A51BBA70E4007A1BCE /* Products */ = {
			isa = PBXGroup;
			children = (
				3D5396251BBA7A3A00791B49 /* SoundCloudSwift.framework */,
				3D53962E1BBA7A3A00791B49 /* SoundCloudSwift iOS Tests.xctest */,
				3D53965D1BBA7AB700791B49 /* SoundCloudSwift.framework */,
				3D5396661BBA7AB700791B49 /* SoundCloudSwift OSX Tests.xctest */,
				3D5396791BBA7B5800791B49 /* SoundCloudSwift.framework */,
			);
			name = Products;
			sourceTree = "<group>";
		};
		3D5396811BBA7B9300791B49 /* Assets */ = {
			isa = PBXGroup;
			children = (
			);
			name = Assets;
			path = SoundCloudSwift/Assets;
			sourceTree = "<group>";
		};
		3D5396821BBA7B9300791B49 /* Source */ = {
			isa = PBXGroup;
			children = (
				3D5396941BBA86C900791B49 /* Entities */,
				3D5396951BBA86C900791B49 /* Extensions */,
				3D5396961BBA86C900791B49 /* Protocols */,
				3D5396971BBA86C900791B49 /* Supporting Files */,
			);
			name = Source;
			path = SoundCloudSwift/Source;
			sourceTree = "<group>";
		};
		3D5396851BBA7B9300791B49 /* Tests */ = {
			isa = PBXGroup;
			children = (
				63A590811BBB3F3900697E70 /* Core */,
				63A590821BBB3F6800697E70 /* Supporting Files */,
			);
			name = Tests;
			path = SoundCloudSwift/Tests;
			sourceTree = "<group>";
		};
		3D5396941BBA86C900791B49 /* Entities */ = {
			isa = PBXGroup;
			children = (
				63089A8F1BBB41F0007220F7 /* RequestConvertible.swift */,
			);
			path = Entities;
			sourceTree = "<group>";
		};
		3D5396951BBA86C900791B49 /* Extensions */ = {
			isa = PBXGroup;
			children = (
			);
			path = Extensions;
			sourceTree = "<group>";
		};
		3D5396961BBA86C900791B49 /* Protocols */ = {
			isa = PBXGroup;
			children = (
			);
			path = Protocols;
			sourceTree = "<group>";
		};
		3D5396971BBA86C900791B49 /* Supporting Files */ = {
			isa = PBXGroup;
			children = (
				3D5396981BBA86C900791B49 /* Info.plist */,
			);
			path = "Supporting Files";
			sourceTree = "<group>";
		};
		3D5396BB1BBA886D00791B49 /* Frameworks */ = {
			isa = PBXGroup;
			children = (
				3D5397781BBA96F500791B49 /* watchOS */,
				3D5397671BBA969500791B49 /* OSX */,
				3D5397541BBA94F200791B49 /* iOS */,
			);
			name = Frameworks;
			sourceTree = "<group>";
		};
		3D5397541BBA94F200791B49 /* iOS */ = {
			isa = PBXGroup;
			children = (
				3D5397501BBA94EE00791B49 /* Nimble.framework */,
				3D5397511BBA94EE00791B49 /* Quick.framework */,
				3D5397461BBA94C200791B49 /* Alamofire.framework */,
				3D5397471BBA94C200791B49 /* Genome.framework */,
				3D5397481BBA94C200791B49 /* ReactiveCocoa.framework */,
				3D5397491BBA94C200791B49 /* Result.framework */,
				3D53974A1BBA94C200791B49 /* Runes.framework */,
			);
			name = iOS;
			sourceTree = "<group>";
		};
		3D5397671BBA969500791B49 /* OSX */ = {
			isa = PBXGroup;
			children = (
				3D5397631BBA968A00791B49 /* Quick.framework */,
				3D5397581BBA967700791B49 /* Alamofire.framework */,
				3D5397591BBA967700791B49 /* Genome.framework */,
				3D53975A1BBA967700791B49 /* ReactiveCocoa.framework */,
				3D53975B1BBA967700791B49 /* Result.framework */,
				3D53975C1BBA967700791B49 /* Runes.framework */,
				3D5397621BBA968A00791B49 /* Nimble.framework */,
			);
			name = OSX;
			sourceTree = "<group>";
		};
		3D5397781BBA96F500791B49 /* watchOS */ = {
			isa = PBXGroup;
			children = (
				3D53976E1BBA96F200791B49 /* Alamofire.framework */,
				3D53976F1BBA96F200791B49 /* Genome.framework */,
				3D5397701BBA96F200791B49 /* ReactiveCocoa.framework */,
				3D5397711BBA96F200791B49 /* Result.framework */,
				3D5397721BBA96F200791B49 /* Runes.framework */,
			);
			name = watchOS;
			sourceTree = "<group>";
		};
		63A5907E1BBB3EC000697E70 /* Entities */ = {
			isa = PBXGroup;
			children = (
				63A5907F1BBB3F3600697E70 /* RequestConvertibleTests.swift */,
			);
			name = Entities;
			sourceTree = "<group>";
		};
		63A590811BBB3F3900697E70 /* Core */ = {
			isa = PBXGroup;
			children = (
				63A5907E1BBB3EC000697E70 /* Entities */,
			);
			name = Core;
			sourceTree = "<group>";
		};
		63A590821BBB3F6800697E70 /* Supporting Files */ = {
			isa = PBXGroup;
			children = (
				63089A911BBB4216007220F7 /* Info.plist */,
			);
			name = "Supporting Files";
			sourceTree = "<group>";
		};
/* End PBXGroup section */

/* Begin PBXHeadersBuildPhase section */
		3D5396221BBA7A3A00791B49 /* Headers */ = {
			isa = PBXHeadersBuildPhase;
			buildActionMask = 2147483647;
			files = (
			);
			runOnlyForDeploymentPostprocessing = 0;
		};
		3D53965A1BBA7AB700791B49 /* Headers */ = {
			isa = PBXHeadersBuildPhase;
			buildActionMask = 2147483647;
			files = (
			);
			runOnlyForDeploymentPostprocessing = 0;
		};
		3D5396761BBA7B5800791B49 /* Headers */ = {
			isa = PBXHeadersBuildPhase;
			buildActionMask = 2147483647;
			files = (
			);
			runOnlyForDeploymentPostprocessing = 0;
		};
/* End PBXHeadersBuildPhase section */

/* Begin PBXNativeTarget section */
		3D5396241BBA7A3A00791B49 /* SoundCloudSwift iOS */ = {
			isa = PBXNativeTarget;
			buildConfigurationList = 3D5396361BBA7A3A00791B49 /* Build configuration list for PBXNativeTarget "SoundCloudSwift iOS" */;
			buildPhases = (
				3D5396201BBA7A3A00791B49 /* Sources */,
				3D5396211BBA7A3A00791B49 /* Frameworks */,
				3D5396221BBA7A3A00791B49 /* Headers */,
				3D5396231BBA7A3A00791B49 /* Resources */,
			);
			buildRules = (
			);
			dependencies = (
			);
			name = "SoundCloudSwift iOS";
			productName = "SoundCloudSwift iOS";
			productReference = 3D5396251BBA7A3A00791B49 /* SoundCloudSwift.framework */;
			productType = "com.apple.product-type.framework";
		};
		3D53962D1BBA7A3A00791B49 /* SoundCloudSwift iOS Tests */ = {
			isa = PBXNativeTarget;
			buildConfigurationList = 3D5396391BBA7A3A00791B49 /* Build configuration list for PBXNativeTarget "SoundCloudSwift iOS Tests" */;
			buildPhases = (
				3D53962A1BBA7A3A00791B49 /* Sources */,
				3D53962B1BBA7A3A00791B49 /* Frameworks */,
				3D53962C1BBA7A3A00791B49 /* Resources */,
				3D5397411BBA949500791B49 /* CopyFiles */,
			);
			buildRules = (
			);
			dependencies = (
				3D5396311BBA7A3A00791B49 /* PBXTargetDependency */,
			);
			name = "SoundCloudSwift iOS Tests";
			productName = "SoundCloudSwift iOSTests";
			productReference = 3D53962E1BBA7A3A00791B49 /* SoundCloudSwift iOS Tests.xctest */;
			productType = "com.apple.product-type.bundle.unit-test";
		};
		3D53965C1BBA7AB700791B49 /* SoundCloudSwift OSX */ = {
			isa = PBXNativeTarget;
			buildConfigurationList = 3D53966E1BBA7AB700791B49 /* Build configuration list for PBXNativeTarget "SoundCloudSwift OSX" */;
			buildPhases = (
				3D5396581BBA7AB700791B49 /* Sources */,
				3D5396591BBA7AB700791B49 /* Frameworks */,
				3D53965A1BBA7AB700791B49 /* Headers */,
				3D53965B1BBA7AB700791B49 /* Resources */,
			);
			buildRules = (
			);
			dependencies = (
			);
			name = "SoundCloudSwift OSX";
			productName = "SoundCloudSwift OSX";
			productReference = 3D53965D1BBA7AB700791B49 /* SoundCloudSwift.framework */;
			productType = "com.apple.product-type.framework";
		};
		3D5396651BBA7AB700791B49 /* SoundCloudSwift OSX Tests */ = {
			isa = PBXNativeTarget;
			buildConfigurationList = 3D5396711BBA7AB700791B49 /* Build configuration list for PBXNativeTarget "SoundCloudSwift OSX Tests" */;
			buildPhases = (
				3D5396621BBA7AB700791B49 /* Sources */,
				3D5396631BBA7AB700791B49 /* Frameworks */,
				3D5396641BBA7AB700791B49 /* Resources */,
				3D5397661BBA969000791B49 /* CopyFiles */,
			);
			buildRules = (
			);
			dependencies = (
				3D5396691BBA7AB700791B49 /* PBXTargetDependency */,
			);
			name = "SoundCloudSwift OSX Tests";
			productName = "SoundCloudSwift OSXTests";
			productReference = 3D5396661BBA7AB700791B49 /* SoundCloudSwift OSX Tests.xctest */;
			productType = "com.apple.product-type.bundle.unit-test";
		};
		3D5396781BBA7B5800791B49 /* SoundCloudSwift watchOS */ = {
			isa = PBXNativeTarget;
			buildConfigurationList = 3D53967E1BBA7B5800791B49 /* Build configuration list for PBXNativeTarget "SoundCloudSwift watchOS" */;
			buildPhases = (
				3D5396741BBA7B5800791B49 /* Sources */,
				3D5396751BBA7B5800791B49 /* Frameworks */,
				3D5396761BBA7B5800791B49 /* Headers */,
				3D5396771BBA7B5800791B49 /* Resources */,
			);
			buildRules = (
			);
			dependencies = (
			);
			name = "SoundCloudSwift watchOS";
			productName = "SoundCloudSwift watchOS";
			productReference = 3D5396791BBA7B5800791B49 /* SoundCloudSwift.framework */;
			productType = "com.apple.product-type.framework";
		};
/* End PBXNativeTarget section */

/* Begin PBXProject section */
		3D27429B1BBA70E4007A1BCE /* Project object */ = {
			isa = PBXProject;
			attributes = {
				LastSwiftUpdateCheck = 0700;
				LastUpgradeCheck = 0700;
				ORGANIZATIONNAME = SugarTeam;
				TargetAttributes = {
					3D5396241BBA7A3A00791B49 = {
						CreatedOnToolsVersion = 7.0;
					};
					3D53962D1BBA7A3A00791B49 = {
						CreatedOnToolsVersion = 7.0;
					};
					3D53965C1BBA7AB700791B49 = {
						CreatedOnToolsVersion = 7.0;
					};
					3D5396651BBA7AB700791B49 = {
						CreatedOnToolsVersion = 7.0;
					};
					3D5396781BBA7B5800791B49 = {
						CreatedOnToolsVersion = 7.0;
					};
				};
			};
			buildConfigurationList = 3D27429E1BBA70E4007A1BCE /* Build configuration list for PBXProject "SoundCloudSwift" */;
			compatibilityVersion = "Xcode 3.2";
			developmentRegion = English;
			hasScannedForEncodings = 0;
			knownRegions = (
				en,
			);
			mainGroup = 3D27429A1BBA70E4007A1BCE;
			productRefGroup = 3D2742A51BBA70E4007A1BCE /* Products */;
			projectDirPath = "";
			projectRoot = "";
			targets = (
				3D5396241BBA7A3A00791B49 /* SoundCloudSwift iOS */,
				3D53962D1BBA7A3A00791B49 /* SoundCloudSwift iOS Tests */,
				3D53965C1BBA7AB700791B49 /* SoundCloudSwift OSX */,
				3D5396651BBA7AB700791B49 /* SoundCloudSwift OSX Tests */,
				3D5396781BBA7B5800791B49 /* SoundCloudSwift watchOS */,
			);
		};
/* End PBXProject section */

/* Begin PBXResourcesBuildPhase section */
		3D5396231BBA7A3A00791B49 /* Resources */ = {
			isa = PBXResourcesBuildPhase;
			buildActionMask = 2147483647;
			files = (
			);
			runOnlyForDeploymentPostprocessing = 0;
		};
		3D53962C1BBA7A3A00791B49 /* Resources */ = {
			isa = PBXResourcesBuildPhase;
			buildActionMask = 2147483647;
			files = (
			);
			runOnlyForDeploymentPostprocessing = 0;
		};
		3D53965B1BBA7AB700791B49 /* Resources */ = {
			isa = PBXResourcesBuildPhase;
			buildActionMask = 2147483647;
			files = (
			);
			runOnlyForDeploymentPostprocessing = 0;
		};
		3D5396641BBA7AB700791B49 /* Resources */ = {
			isa = PBXResourcesBuildPhase;
			buildActionMask = 2147483647;
			files = (
			);
			runOnlyForDeploymentPostprocessing = 0;
		};
		3D5396771BBA7B5800791B49 /* Resources */ = {
			isa = PBXResourcesBuildPhase;
			buildActionMask = 2147483647;
			files = (
			);
			runOnlyForDeploymentPostprocessing = 0;
		};
/* End PBXResourcesBuildPhase section */

/* Begin PBXSourcesBuildPhase section */
		3D5396201BBA7A3A00791B49 /* Sources */ = {
			isa = PBXSourcesBuildPhase;
			buildActionMask = 2147483647;
			files = (
				63089A901BBB41F0007220F7 /* RequestConvertible.swift in Sources */,
			);
			runOnlyForDeploymentPostprocessing = 0;
		};
		3D53962A1BBA7A3A00791B49 /* Sources */ = {
			isa = PBXSourcesBuildPhase;
			buildActionMask = 2147483647;
			files = (
				63A590831BBB418100697E70 /* RequestConvertibleTests.swift in Sources */,
			);
			runOnlyForDeploymentPostprocessing = 0;
		};
		3D5396581BBA7AB700791B49 /* Sources */ = {
			isa = PBXSourcesBuildPhase;
			buildActionMask = 2147483647;
			files = (
			);
			runOnlyForDeploymentPostprocessing = 0;
		};
		3D5396621BBA7AB700791B49 /* Sources */ = {
			isa = PBXSourcesBuildPhase;
			buildActionMask = 2147483647;
			files = (
			);
			runOnlyForDeploymentPostprocessing = 0;
		};
		3D5396741BBA7B5800791B49 /* Sources */ = {
			isa = PBXSourcesBuildPhase;
			buildActionMask = 2147483647;
			files = (
			);
			runOnlyForDeploymentPostprocessing = 0;
		};
/* End PBXSourcesBuildPhase section */

/* Begin PBXTargetDependency section */
		3D5396311BBA7A3A00791B49 /* PBXTargetDependency */ = {
			isa = PBXTargetDependency;
			target = 3D5396241BBA7A3A00791B49 /* SoundCloudSwift iOS */;
			targetProxy = 3D5396301BBA7A3A00791B49 /* PBXContainerItemProxy */;
		};
		3D5396691BBA7AB700791B49 /* PBXTargetDependency */ = {
			isa = PBXTargetDependency;
			target = 3D53965C1BBA7AB700791B49 /* SoundCloudSwift OSX */;
			targetProxy = 3D5396681BBA7AB700791B49 /* PBXContainerItemProxy */;
		};
/* End PBXTargetDependency section */

/* Begin XCBuildConfiguration section */
		3D2742B61BBA70E4007A1BCE /* Debug */ = {
			isa = XCBuildConfiguration;
			buildSettings = {
				ALWAYS_SEARCH_USER_PATHS = NO;
				CLANG_CXX_LANGUAGE_STANDARD = "gnu++0x";
				CLANG_CXX_LIBRARY = "libc++";
				CLANG_ENABLE_MODULES = YES;
				CLANG_ENABLE_OBJC_ARC = YES;
				CLANG_WARN_BOOL_CONVERSION = YES;
				CLANG_WARN_CONSTANT_CONVERSION = YES;
				CLANG_WARN_DIRECT_OBJC_ISA_USAGE = YES_ERROR;
				CLANG_WARN_EMPTY_BODY = YES;
				CLANG_WARN_ENUM_CONVERSION = YES;
				CLANG_WARN_INT_CONVERSION = YES;
				CLANG_WARN_OBJC_ROOT_CLASS = YES_ERROR;
				CLANG_WARN_UNREACHABLE_CODE = YES;
				CLANG_WARN__DUPLICATE_METHOD_MATCH = YES;
				"CODE_SIGN_IDENTITY[sdk=iphoneos*]" = "iPhone Developer";
				COPY_PHASE_STRIP = NO;
				CURRENT_PROJECT_VERSION = 1;
				DEBUG_INFORMATION_FORMAT = dwarf;
				ENABLE_STRICT_OBJC_MSGSEND = YES;
				ENABLE_TESTABILITY = YES;
				GCC_C_LANGUAGE_STANDARD = gnu99;
				GCC_DYNAMIC_NO_PIC = NO;
				GCC_NO_COMMON_BLOCKS = YES;
				GCC_OPTIMIZATION_LEVEL = 0;
				GCC_PREPROCESSOR_DEFINITIONS = (
					"DEBUG=1",
					"$(inherited)",
				);
				GCC_WARN_64_TO_32_BIT_CONVERSION = YES;
				GCC_WARN_ABOUT_RETURN_TYPE = YES_ERROR;
				GCC_WARN_UNDECLARED_SELECTOR = YES;
				GCC_WARN_UNINITIALIZED_AUTOS = YES_AGGRESSIVE;
				GCC_WARN_UNUSED_FUNCTION = YES;
				GCC_WARN_UNUSED_VARIABLE = YES;
				IPHONEOS_DEPLOYMENT_TARGET = 9.0;
				MTL_ENABLE_DEBUG_INFO = YES;
				ONLY_ACTIVE_ARCH = YES;
				SDKROOT = iphoneos;
				SWIFT_OPTIMIZATION_LEVEL = "-Onone";
				TARGETED_DEVICE_FAMILY = "1,2";
				VERSIONING_SYSTEM = "apple-generic";
				VERSION_INFO_PREFIX = "";
			};
			name = Debug;
		};
		3D2742B71BBA70E4007A1BCE /* Release */ = {
			isa = XCBuildConfiguration;
			buildSettings = {
				ALWAYS_SEARCH_USER_PATHS = NO;
				CLANG_CXX_LANGUAGE_STANDARD = "gnu++0x";
				CLANG_CXX_LIBRARY = "libc++";
				CLANG_ENABLE_MODULES = YES;
				CLANG_ENABLE_OBJC_ARC = YES;
				CLANG_WARN_BOOL_CONVERSION = YES;
				CLANG_WARN_CONSTANT_CONVERSION = YES;
				CLANG_WARN_DIRECT_OBJC_ISA_USAGE = YES_ERROR;
				CLANG_WARN_EMPTY_BODY = YES;
				CLANG_WARN_ENUM_CONVERSION = YES;
				CLANG_WARN_INT_CONVERSION = YES;
				CLANG_WARN_OBJC_ROOT_CLASS = YES_ERROR;
				CLANG_WARN_UNREACHABLE_CODE = YES;
				CLANG_WARN__DUPLICATE_METHOD_MATCH = YES;
				"CODE_SIGN_IDENTITY[sdk=iphoneos*]" = "iPhone Developer";
				COPY_PHASE_STRIP = NO;
				CURRENT_PROJECT_VERSION = 1;
				DEBUG_INFORMATION_FORMAT = "dwarf-with-dsym";
				ENABLE_NS_ASSERTIONS = NO;
				ENABLE_STRICT_OBJC_MSGSEND = YES;
				GCC_C_LANGUAGE_STANDARD = gnu99;
				GCC_NO_COMMON_BLOCKS = YES;
				GCC_WARN_64_TO_32_BIT_CONVERSION = YES;
				GCC_WARN_ABOUT_RETURN_TYPE = YES_ERROR;
				GCC_WARN_UNDECLARED_SELECTOR = YES;
				GCC_WARN_UNINITIALIZED_AUTOS = YES_AGGRESSIVE;
				GCC_WARN_UNUSED_FUNCTION = YES;
				GCC_WARN_UNUSED_VARIABLE = YES;
				IPHONEOS_DEPLOYMENT_TARGET = 9.0;
				MTL_ENABLE_DEBUG_INFO = NO;
				SDKROOT = iphoneos;
				TARGETED_DEVICE_FAMILY = "1,2";
				VALIDATE_PRODUCT = YES;
				VERSIONING_SYSTEM = "apple-generic";
				VERSION_INFO_PREFIX = "";
			};
			name = Release;
		};
		3D5396371BBA7A3A00791B49 /* Debug */ = {
			isa = XCBuildConfiguration;
			buildSettings = {
				CLANG_ENABLE_MODULES = YES;
				DEFINES_MODULE = YES;
				DYLIB_COMPATIBILITY_VERSION = 1;
				DYLIB_CURRENT_VERSION = 1;
				DYLIB_INSTALL_NAME_BASE = "@rpath";
				FRAMEWORK_SEARCH_PATHS = (
					"$(inherited)",
					"$(PROJECT_DIR)/Carthage/Build/iOS",
				);
				INFOPLIST_FILE = "SoundCloudSwift/Source/Supporting Files/Info.plist";
				INSTALL_PATH = "$(LOCAL_LIBRARY_DIR)/Frameworks";
				LD_RUNPATH_SEARCH_PATHS = "$(inherited) @executable_path/Frameworks @loader_path/Frameworks";
				PRODUCT_BUNDLE_IDENTIFIER = io.SugarTeam.SoundCloudSwift;
				PRODUCT_NAME = SoundCloudSwift;
				SKIP_INSTALL = YES;
				SWIFT_OPTIMIZATION_LEVEL = "-Onone";
			};
			name = Debug;
		};
		3D5396381BBA7A3A00791B49 /* Release */ = {
			isa = XCBuildConfiguration;
			buildSettings = {
				CLANG_ENABLE_MODULES = YES;
				DEFINES_MODULE = YES;
				DYLIB_COMPATIBILITY_VERSION = 1;
				DYLIB_CURRENT_VERSION = 1;
				DYLIB_INSTALL_NAME_BASE = "@rpath";
				FRAMEWORK_SEARCH_PATHS = (
					"$(inherited)",
					"$(PROJECT_DIR)/Carthage/Build/iOS",
				);
				INFOPLIST_FILE = "SoundCloudSwift/Source/Supporting Files/Info.plist";
				INSTALL_PATH = "$(LOCAL_LIBRARY_DIR)/Frameworks";
				LD_RUNPATH_SEARCH_PATHS = "$(inherited) @executable_path/Frameworks @loader_path/Frameworks";
				PRODUCT_BUNDLE_IDENTIFIER = io.SugarTeam.SoundCloudSwift;
				PRODUCT_NAME = SoundCloudSwift;
				SKIP_INSTALL = YES;
			};
			name = Release;
		};
		3D53963A1BBA7A3A00791B49 /* Debug */ = {
			isa = XCBuildConfiguration;
			buildSettings = {
				EMBEDDED_CONTENT_CONTAINS_SWIFT = YES;
				FRAMEWORK_SEARCH_PATHS = (
					"$(inherited)",
					"$(PROJECT_DIR)/Carthage/Build/iOS",
				);
				INFOPLIST_FILE = "SoundCloudSwift/Tests/Supporting Files/Info.plist";
				LD_RUNPATH_SEARCH_PATHS = "$(inherited) @executable_path/Frameworks @loader_path/Frameworks";
				PRODUCT_BUNDLE_IDENTIFIER = "io.SugarTeam.SoundCloudSwift-iOS-Tests";
				PRODUCT_NAME = "$(TARGET_NAME)";
			};
			name = Debug;
		};
		3D53963B1BBA7A3A00791B49 /* Release */ = {
			isa = XCBuildConfiguration;
			buildSettings = {
				EMBEDDED_CONTENT_CONTAINS_SWIFT = YES;
				FRAMEWORK_SEARCH_PATHS = (
					"$(inherited)",
					"$(PROJECT_DIR)/Carthage/Build/iOS",
				);
				INFOPLIST_FILE = "SoundCloudSwift/Tests/Supporting Files/Info.plist";
				LD_RUNPATH_SEARCH_PATHS = "$(inherited) @executable_path/Frameworks @loader_path/Frameworks";
				PRODUCT_BUNDLE_IDENTIFIER = "io.SugarTeam.SoundCloudSwift-iOS-Tests";
				PRODUCT_NAME = "$(TARGET_NAME)";
			};
			name = Release;
		};
		3D53966F1BBA7AB700791B49 /* Debug */ = {
			isa = XCBuildConfiguration;
			buildSettings = {
				CLANG_ENABLE_MODULES = YES;
				COMBINE_HIDPI_IMAGES = YES;
				DEFINES_MODULE = YES;
				DYLIB_COMPATIBILITY_VERSION = 1;
				DYLIB_CURRENT_VERSION = 1;
				DYLIB_INSTALL_NAME_BASE = "@rpath";
				FRAMEWORK_SEARCH_PATHS = (
					"$(inherited)",
					"$(PROJECT_DIR)/Carthage/Build/Mac",
				);
				FRAMEWORK_VERSION = A;
				INFOPLIST_FILE = "SoundCloudSwift/Source/Supporting Files/Info.plist";
				INSTALL_PATH = "$(LOCAL_LIBRARY_DIR)/Frameworks";
				LD_RUNPATH_SEARCH_PATHS = "$(inherited) @executable_path/../Frameworks @loader_path/Frameworks";
				MACOSX_DEPLOYMENT_TARGET = 10.10;
				PRODUCT_BUNDLE_IDENTIFIER = io.SugarTeam.SoundCloudSwift;
				PRODUCT_NAME = SoundCloudSwift;
				SDKROOT = macosx;
				SKIP_INSTALL = YES;
				SWIFT_OPTIMIZATION_LEVEL = "-Onone";
			};
			name = Debug;
		};
		3D5396701BBA7AB700791B49 /* Release */ = {
			isa = XCBuildConfiguration;
			buildSettings = {
				CLANG_ENABLE_MODULES = YES;
				COMBINE_HIDPI_IMAGES = YES;
				DEFINES_MODULE = YES;
				DYLIB_COMPATIBILITY_VERSION = 1;
				DYLIB_CURRENT_VERSION = 1;
				DYLIB_INSTALL_NAME_BASE = "@rpath";
				FRAMEWORK_SEARCH_PATHS = (
					"$(inherited)",
					"$(PROJECT_DIR)/Carthage/Build/Mac",
				);
				FRAMEWORK_VERSION = A;
				INFOPLIST_FILE = "SoundCloudSwift/Source/Supporting Files/Info.plist";
				INSTALL_PATH = "$(LOCAL_LIBRARY_DIR)/Frameworks";
				LD_RUNPATH_SEARCH_PATHS = "$(inherited) @executable_path/../Frameworks @loader_path/Frameworks";
				MACOSX_DEPLOYMENT_TARGET = 10.10;
				PRODUCT_BUNDLE_IDENTIFIER = io.SugarTeam.SoundCloudSwift;
				PRODUCT_NAME = SoundCloudSwift;
				SDKROOT = macosx;
				SKIP_INSTALL = YES;
			};
			name = Release;
		};
		3D5396721BBA7AB700791B49 /* Debug */ = {
			isa = XCBuildConfiguration;
			buildSettings = {
				COMBINE_HIDPI_IMAGES = YES;
				EMBEDDED_CONTENT_CONTAINS_SWIFT = YES;
				FRAMEWORK_SEARCH_PATHS = (
					"$(inherited)",
					"$(PROJECT_DIR)/Carthage/Build/Mac",
				);
				INFOPLIST_FILE = "SoundCloudSwift/Tests/Supporting Files/Info.plist";
				LD_RUNPATH_SEARCH_PATHS = "$(inherited) @executable_path/../Frameworks @loader_path/../Frameworks";
				MACOSX_DEPLOYMENT_TARGET = 10.10;
				PRODUCT_BUNDLE_IDENTIFIER = "io.SugarTeam.SoundCloudSwift-OSX-Tests";
				PRODUCT_NAME = "$(TARGET_NAME)";
				SDKROOT = macosx;
			};
			name = Debug;
		};
		3D5396731BBA7AB700791B49 /* Release */ = {
			isa = XCBuildConfiguration;
			buildSettings = {
				COMBINE_HIDPI_IMAGES = YES;
				EMBEDDED_CONTENT_CONTAINS_SWIFT = YES;
				FRAMEWORK_SEARCH_PATHS = (
					"$(inherited)",
					"$(PROJECT_DIR)/Carthage/Build/Mac",
				);
				INFOPLIST_FILE = "SoundCloudSwift/Tests/Supporting Files/Info.plist";
				LD_RUNPATH_SEARCH_PATHS = "$(inherited) @executable_path/../Frameworks @loader_path/../Frameworks";
				MACOSX_DEPLOYMENT_TARGET = 10.10;
				PRODUCT_BUNDLE_IDENTIFIER = "io.SugarTeam.SoundCloudSwift-OSX-Tests";
				PRODUCT_NAME = "$(TARGET_NAME)";
				SDKROOT = macosx;
			};
			name = Release;
		};
		3D53967F1BBA7B5800791B49 /* Debug */ = {
			isa = XCBuildConfiguration;
			buildSettings = {
				CLANG_ENABLE_MODULES = YES;
				DEFINES_MODULE = YES;
				DYLIB_COMPATIBILITY_VERSION = 1;
				DYLIB_CURRENT_VERSION = 1;
				DYLIB_INSTALL_NAME_BASE = "@rpath";
				FRAMEWORK_SEARCH_PATHS = (
					"$(inherited)",
					"$(PROJECT_DIR)/Carthage/Build/watchOS",
				);
				INFOPLIST_FILE = "SoundCloudSwift/Source/Supporting Files/Info.plist";
				INSTALL_PATH = "$(LOCAL_LIBRARY_DIR)/Frameworks";
				LD_RUNPATH_SEARCH_PATHS = "$(inherited) @executable_path/Frameworks @loader_path/Frameworks";
				PRODUCT_BUNDLE_IDENTIFIER = io.SugarTeam.SoundCloudSwift;
				PRODUCT_NAME = SoundCloudSwift;
				SDKROOT = watchos;
				SKIP_INSTALL = YES;
				SWIFT_OPTIMIZATION_LEVEL = "-Onone";
				TARGETED_DEVICE_FAMILY = 4;
				WATCHOS_DEPLOYMENT_TARGET = 2.0;
			};
			name = Debug;
		};
		3D5396801BBA7B5800791B49 /* Release */ = {
			isa = XCBuildConfiguration;
			buildSettings = {
				CLANG_ENABLE_MODULES = YES;
				DEFINES_MODULE = YES;
				DYLIB_COMPATIBILITY_VERSION = 1;
				DYLIB_CURRENT_VERSION = 1;
				DYLIB_INSTALL_NAME_BASE = "@rpath";
				FRAMEWORK_SEARCH_PATHS = (
					"$(inherited)",
					"$(PROJECT_DIR)/Carthage/Build/watchOS",
				);
				INFOPLIST_FILE = "SoundCloudSwift/Source/Supporting Files/Info.plist";
				INSTALL_PATH = "$(LOCAL_LIBRARY_DIR)/Frameworks";
				LD_RUNPATH_SEARCH_PATHS = "$(inherited) @executable_path/Frameworks @loader_path/Frameworks";
				PRODUCT_BUNDLE_IDENTIFIER = io.SugarTeam.SoundCloudSwift;
				PRODUCT_NAME = SoundCloudSwift;
				SDKROOT = watchos;
				SKIP_INSTALL = YES;
				TARGETED_DEVICE_FAMILY = 4;
				WATCHOS_DEPLOYMENT_TARGET = 2.0;
			};
			name = Release;
		};
/* End XCBuildConfiguration section */

/* Begin XCConfigurationList section */
		3D27429E1BBA70E4007A1BCE /* Build configuration list for PBXProject "SoundCloudSwift" */ = {
			isa = XCConfigurationList;
			buildConfigurations = (
				3D2742B61BBA70E4007A1BCE /* Debug */,
				3D2742B71BBA70E4007A1BCE /* Release */,
			);
			defaultConfigurationIsVisible = 0;
			defaultConfigurationName = Release;
		};
		3D5396361BBA7A3A00791B49 /* Build configuration list for PBXNativeTarget "SoundCloudSwift iOS" */ = {
			isa = XCConfigurationList;
			buildConfigurations = (
				3D5396371BBA7A3A00791B49 /* Debug */,
				3D5396381BBA7A3A00791B49 /* Release */,
			);
			defaultConfigurationIsVisible = 0;
			defaultConfigurationName = Release;
		};
		3D5396391BBA7A3A00791B49 /* Build configuration list for PBXNativeTarget "SoundCloudSwift iOS Tests" */ = {
			isa = XCConfigurationList;
			buildConfigurations = (
				3D53963A1BBA7A3A00791B49 /* Debug */,
				3D53963B1BBA7A3A00791B49 /* Release */,
			);
			defaultConfigurationIsVisible = 0;
			defaultConfigurationName = Release;
		};
		3D53966E1BBA7AB700791B49 /* Build configuration list for PBXNativeTarget "SoundCloudSwift OSX" */ = {
			isa = XCConfigurationList;
			buildConfigurations = (
				3D53966F1BBA7AB700791B49 /* Debug */,
				3D5396701BBA7AB700791B49 /* Release */,
			);
			defaultConfigurationIsVisible = 0;
			defaultConfigurationName = Release;
		};
		3D5396711BBA7AB700791B49 /* Build configuration list for PBXNativeTarget "SoundCloudSwift OSX Tests" */ = {
			isa = XCConfigurationList;
			buildConfigurations = (
				3D5396721BBA7AB700791B49 /* Debug */,
				3D5396731BBA7AB700791B49 /* Release */,
			);
			defaultConfigurationIsVisible = 0;
			defaultConfigurationName = Release;
		};
		3D53967E1BBA7B5800791B49 /* Build configuration list for PBXNativeTarget "SoundCloudSwift watchOS" */ = {
			isa = XCConfigurationList;
			buildConfigurations = (
				3D53967F1BBA7B5800791B49 /* Debug */,
				3D5396801BBA7B5800791B49 /* Release */,
			);
			defaultConfigurationIsVisible = 0;
			defaultConfigurationName = Release;
		};
/* End XCConfigurationList section */
	};
	rootObject = 3D27429B1BBA70E4007A1BCE /* Project object */;
}
