PODS:
  - Alamofire (3.0.0-beta.3)
  - Genome (1.0)
  - ReactiveCocoa (4.0.2-alpha-1):
    - ReactiveCocoa/UI (= 4.0.2-alpha-1)
    - Result (~> 0.6-beta.1)
  - ReactiveCocoa/Core (4.0.2-alpha-1):
    - ReactiveCocoa/no-arc
    - Result (~> 0.6-beta.1)
  - ReactiveCocoa/no-arc (4.0.2-alpha-1):
    - Result (~> 0.6-beta.1)
  - ReactiveCocoa/UI (4.0.2-alpha-1):
    - ReactiveCocoa/Core
    - Result (~> 0.6-beta.1)
  - Result (0.6-beta.1)
  - Runes (3.0.0)
  - SoundCloudSwift (0.0.1):
    - Alamofire (= 3.0.0-beta.3)
    - Genome (= 1.0)
    - ReactiveCocoa (= 4.0.2-alpha-1)
    - Runes (= 3.0.0)

DEPENDENCIES:
  - SoundCloudSwift (from `..`)

EXTERNAL SOURCES:
  SoundCloudSwift:
    :path: ..

SPEC CHECKSUMS:
  Alamofire: c89149e58431f6f94527e8c01f920456afe39bd0
  Genome: e5b91fb270783aa638932015d379a2af8c5454a9
  ReactiveCocoa: 652cf90e5de65708e7e2111f77405756da21aabe
  Result: af24e3e57ab81005ec4221a53fd36dc1e7a52869
  Runes: b0ffeed58b9577155e53571508b4309c904ef587
  SoundCloudSwift: b0c78bfbd2d8c95c47a9ada924bbf0ebd11273ea

COCOAPODS: 0.38.2
